// !$*UTF8*$!
{
	archiveVersion = 1;
	classes = {
	};
	objectVersion = 50;
	objects = {

/* Begin PBXBuildFile section */
		830D7F572483AE3F00467227 /* MyMusicViewController.swift in Sources */ = {isa = PBXBuildFile; fileRef = 830D7F562483AE3F00467227 /* MyMusicViewController.swift */; };
		830D7F592483B4A400467227 /* MyMusicCell.swift in Sources */ = {isa = PBXBuildFile; fileRef = 830D7F582483B4A400467227 /* MyMusicCell.swift */; };
		830D7F632484CF4200467227 /* Strings.swift in Sources */ = {isa = PBXBuildFile; fileRef = 830D7F622484CF4200467227 /* Strings.swift */; };
		83239E27247E6E1800C63760 /* UserDefaultsProvider.swift in Sources */ = {isa = PBXBuildFile; fileRef = 83239E26247E6E1800C63760 /* UserDefaultsProvider.swift */; };
		83239E2C247EB95900C63760 /* MySong.swift in Sources */ = {isa = PBXBuildFile; fileRef = 83239E2B247EB95900C63760 /* MySong.swift */; };
		83239E2F2483794600C63760 /* MusicRepository.swift in Sources */ = {isa = PBXBuildFile; fileRef = 83239E2E2483794600C63760 /* MusicRepository.swift */; };
		8357ADE624B1AA0600F8A635 /* Utils.swift in Sources */ = {isa = PBXBuildFile; fileRef = 8357ADE524B1AA0600F8A635 /* Utils.swift */; };
		8357ADE924B1B61C00F8A635 /* SelectDifficultyCell.swift in Sources */ = {isa = PBXBuildFile; fileRef = 8357ADE824B1B61C00F8A635 /* SelectDifficultyCell.swift */; };
		8398792E24B5ED5800A99B37 /* CoreDataManager.swift in Sources */ = {isa = PBXBuildFile; fileRef = 8398792D24B5ED5800A99B37 /* CoreDataManager.swift */; };
		8398793124B5F37500A99B37 /* RunningIntervals.xcdatamodeld in Sources */ = {isa = PBXBuildFile; fileRef = 8398792F24B5F37500A99B37 /* RunningIntervals.xcdatamodeld */; };
		8398793324B5FB7A00A99B37 /* FormatDisplay.swift in Sources */ = {isa = PBXBuildFile; fileRef = 8398793224B5FB7A00A99B37 /* FormatDisplay.swift */; };
		8398793524B6010500A99B37 /* UnitConverterPace.swift in Sources */ = {isa = PBXBuildFile; fileRef = 8398793424B6010500A99B37 /* UnitConverterPace.swift */; };
		8398793724B73EDD00A99B37 /* Settings.storyboard in Resources */ = {isa = PBXBuildFile; fileRef = 8398793624B73EDD00A99B37 /* Settings.storyboard */; };
		8398793A24B73F2800A99B37 /* SettingsViewController.swift in Sources */ = {isa = PBXBuildFile; fileRef = 8398793924B73F2800A99B37 /* SettingsViewController.swift */; };
		8398AF6624B59880001420AC /* Statistics.storyboard in Resources */ = {isa = PBXBuildFile; fileRef = 8398AF6524B5987F001420AC /* Statistics.storyboard */; };
		8398AF6924B598D0001420AC /* LastRunViewController.swift in Sources */ = {isa = PBXBuildFile; fileRef = 8398AF6824B598D0001420AC /* LastRunViewController.swift */; };
		83ADB94624B2FF8E009671A2 /* training_information.json in Resources */ = {isa = PBXBuildFile; fileRef = 83ADB94524B2FF8E009671A2 /* training_information.json */; };
		83ADB94824B31726009671A2 /* TrainingRepository.swift in Sources */ = {isa = PBXBuildFile; fileRef = 83ADB94724B31726009671A2 /* TrainingRepository.swift */; };
		83B3BC69247A562500057A52 /* AppDelegate.swift in Sources */ = {isa = PBXBuildFile; fileRef = 83B3BC68247A562500057A52 /* AppDelegate.swift */; };
		83B3BC6B247A562500057A52 /* SceneDelegate.swift in Sources */ = {isa = PBXBuildFile; fileRef = 83B3BC6A247A562500057A52 /* SceneDelegate.swift */; };
		83B3BC6D247A562500057A52 /* RunViewController.swift in Sources */ = {isa = PBXBuildFile; fileRef = 83B3BC6C247A562500057A52 /* RunViewController.swift */; };
		83B3BC70247A562500057A52 /* Main.storyboard in Resources */ = {isa = PBXBuildFile; fileRef = 83B3BC6E247A562500057A52 /* Main.storyboard */; };
		83B3BC72247A562C00057A52 /* Assets.xcassets in Resources */ = {isa = PBXBuildFile; fileRef = 83B3BC71247A562C00057A52 /* Assets.xcassets */; };
		83B3BC75247A562C00057A52 /* LaunchScreen.storyboard in Resources */ = {isa = PBXBuildFile; fileRef = 83B3BC73247A562C00057A52 /* LaunchScreen.storyboard */; };
		83B3BC7D247A57B100057A52 /* fast-1.mp3 in Resources */ = {isa = PBXBuildFile; fileRef = 83B3BC7C247A57B100057A52 /* fast-1.mp3 */; };
		83B3BC7F247A57FF00057A52 /* slow-1.mp3 in Resources */ = {isa = PBXBuildFile; fileRef = 83B3BC7E247A57FF00057A52 /* slow-1.mp3 */; };
		83B3BC82247A5A0F00057A52 /* AVFoundation.framework in Frameworks */ = {isa = PBXBuildFile; fileRef = 83B3BC81247A5A0F00057A52 /* AVFoundation.framework */; };
		83B3BC85247AB77E00057A52 /* fast-2.mp3 in Resources */ = {isa = PBXBuildFile; fileRef = 83B3BC84247AB77E00057A52 /* fast-2.mp3 */; };
		83B3BC87247AB7A100057A52 /* slow-2.mp3 in Resources */ = {isa = PBXBuildFile; fileRef = 83B3BC86247AB7A100057A52 /* slow-2.mp3 */; };
		83B3BC89247AB7BF00057A52 /* slow-3.mp3 in Resources */ = {isa = PBXBuildFile; fileRef = 83B3BC88247AB7BF00057A52 /* slow-3.mp3 */; };
		83B3BC8B247AB7D100057A52 /* fast-3.mp3 in Resources */ = {isa = PBXBuildFile; fileRef = 83B3BC8A247AB7D100057A52 /* fast-3.mp3 */; };
		83B3BC8D247AB7F400057A52 /* fast-4.mp3 in Resources */ = {isa = PBXBuildFile; fileRef = 83B3BC8C247AB7F400057A52 /* fast-4.mp3 */; };
		83B3BC8F247AB81900057A52 /* slow-4.mp3 in Resources */ = {isa = PBXBuildFile; fileRef = 83B3BC8E247AB81900057A52 /* slow-4.mp3 */; };
		83B3BC92247D362000057A52 /* SelectMusicViewController.swift in Sources */ = {isa = PBXBuildFile; fileRef = 83B3BC91247D362000057A52 /* SelectMusicViewController.swift */; };
		83B3BC96247D3BE000057A52 /* SelectSongCell.swift in Sources */ = {isa = PBXBuildFile; fileRef = 83B3BC95247D3BE000057A52 /* SelectSongCell.swift */; };
		83CCA8622484F45200B9B0E8 /* Localizable.strings in Resources */ = {isa = PBXBuildFile; fileRef = 83CCA8642484F45200B9B0E8 /* Localizable.strings */; };
		83CCA86A2485769F00B9B0E8 /* MainViewController.swift in Sources */ = {isa = PBXBuildFile; fileRef = 83CCA8692485769F00B9B0E8 /* MainViewController.swift */; };
		83CCA86E24861FA600B9B0E8 /* RunByDistanceViewController.swift in Sources */ = {isa = PBXBuildFile; fileRef = 83CCA86D24861FA600B9B0E8 /* RunByDistanceViewController.swift */; };
		83CCA8712486226C00B9B0E8 /* HealthKit.framework in Frameworks */ = {isa = PBXBuildFile; fileRef = 83CCA8702486226C00B9B0E8 /* HealthKit.framework */; };
		83CCA8742486631900B9B0E8 /* Storyboards.swift in Sources */ = {isa = PBXBuildFile; fileRef = 83CCA8732486631900B9B0E8 /* Storyboards.swift */; };
		83CCA878248688C400B9B0E8 /* MapKit.framework in Frameworks */ = {isa = PBXBuildFile; fileRef = 83CCA877248688C400B9B0E8 /* MapKit.framework */; };
		83CCA87A2487C1BA00B9B0E8 /* Coach.storyboard in Resources */ = {isa = PBXBuildFile; fileRef = 83CCA8792487C1B900B9B0E8 /* Coach.storyboard */; };
		83CCA87D2487C1FB00B9B0E8 /* PersonalInformationViewController.swift in Sources */ = {isa = PBXBuildFile; fileRef = 83CCA87C2487C1FB00B9B0E8 /* PersonalInformationViewController.swift */; };
		83CCA87F2487E28500B9B0E8 /* HealthKitManager.swift in Sources */ = {isa = PBXBuildFile; fileRef = 83CCA87E2487E28500B9B0E8 /* HealthKitManager.swift */; };
		83CCA8812488D59100B9B0E8 /* CoachDifficultyViewController.swift in Sources */ = {isa = PBXBuildFile; fileRef = 83CCA8802488D59100B9B0E8 /* CoachDifficultyViewController.swift */; };
		83CCA8832488D66500B9B0E8 /* CoachRunViewController.swift in Sources */ = {isa = PBXBuildFile; fileRef = 83CCA8822488D66500B9B0E8 /* CoachRunViewController.swift */; };
		83FCFB1D24B1DE2100B5AFFD /* CoachGoalViewController.swift in Sources */ = {isa = PBXBuildFile; fileRef = 83FCFB1C24B1DE2100B5AFFD /* CoachGoalViewController.swift */; };
		83FCFB1F24B1EE5800B5AFFD /* Training.swift in Sources */ = {isa = PBXBuildFile; fileRef = 83FCFB1E24B1EE5800B5AFFD /* Training.swift */; };
		83FE419324ACDC820028744F /* User.swift in Sources */ = {isa = PBXBuildFile; fileRef = 83FE419224ACDC820028744F /* User.swift */; };
/* End PBXBuildFile section */

/* Begin PBXFileReference section */
		830D7F562483AE3F00467227 /* MyMusicViewController.swift */ = {isa = PBXFileReference; lastKnownFileType = sourcecode.swift; path = MyMusicViewController.swift; sourceTree = "<group>"; };
		830D7F582483B4A400467227 /* MyMusicCell.swift */ = {isa = PBXFileReference; lastKnownFileType = sourcecode.swift; path = MyMusicCell.swift; sourceTree = "<group>"; };
		830D7F622484CF4200467227 /* Strings.swift */ = {isa = PBXFileReference; lastKnownFileType = sourcecode.swift; path = Strings.swift; sourceTree = "<group>"; };
		83239E26247E6E1800C63760 /* UserDefaultsProvider.swift */ = {isa = PBXFileReference; lastKnownFileType = sourcecode.swift; path = UserDefaultsProvider.swift; sourceTree = "<group>"; };
		83239E2B247EB95900C63760 /* MySong.swift */ = {isa = PBXFileReference; lastKnownFileType = sourcecode.swift; path = MySong.swift; sourceTree = "<group>"; };
		83239E2E2483794600C63760 /* MusicRepository.swift */ = {isa = PBXFileReference; lastKnownFileType = sourcecode.swift; path = MusicRepository.swift; sourceTree = "<group>"; };
		8357ADE524B1AA0600F8A635 /* Utils.swift */ = {isa = PBXFileReference; lastKnownFileType = sourcecode.swift; path = Utils.swift; sourceTree = "<group>"; };
		8357ADE824B1B61C00F8A635 /* SelectDifficultyCell.swift */ = {isa = PBXFileReference; lastKnownFileType = sourcecode.swift; path = SelectDifficultyCell.swift; sourceTree = "<group>"; };
		8398792D24B5ED5800A99B37 /* CoreDataManager.swift */ = {isa = PBXFileReference; lastKnownFileType = sourcecode.swift; path = CoreDataManager.swift; sourceTree = "<group>"; };
		8398793024B5F37500A99B37 /* RunningIntervals.xcdatamodel */ = {isa = PBXFileReference; lastKnownFileType = wrapper.xcdatamodel; path = RunningIntervals.xcdatamodel; sourceTree = "<group>"; };
		8398793224B5FB7A00A99B37 /* FormatDisplay.swift */ = {isa = PBXFileReference; lastKnownFileType = sourcecode.swift; path = FormatDisplay.swift; sourceTree = "<group>"; };
		8398793424B6010500A99B37 /* UnitConverterPace.swift */ = {isa = PBXFileReference; lastKnownFileType = sourcecode.swift; path = UnitConverterPace.swift; sourceTree = "<group>"; };
		8398793624B73EDD00A99B37 /* Settings.storyboard */ = {isa = PBXFileReference; lastKnownFileType = file.storyboard; path = Settings.storyboard; sourceTree = "<group>"; };
		8398793924B73F2800A99B37 /* SettingsViewController.swift */ = {isa = PBXFileReference; lastKnownFileType = sourcecode.swift; path = SettingsViewController.swift; sourceTree = "<group>"; };
		8398AF6524B5987F001420AC /* Statistics.storyboard */ = {isa = PBXFileReference; lastKnownFileType = file.storyboard; path = Statistics.storyboard; sourceTree = "<group>"; };
		8398AF6824B598D0001420AC /* LastRunViewController.swift */ = {isa = PBXFileReference; lastKnownFileType = sourcecode.swift; path = LastRunViewController.swift; sourceTree = "<group>"; };
		83ADB94524B2FF8E009671A2 /* training_information.json */ = {isa = PBXFileReference; lastKnownFileType = text.json; path = training_information.json; sourceTree = "<group>"; };
		83ADB94724B31726009671A2 /* TrainingRepository.swift */ = {isa = PBXFileReference; lastKnownFileType = sourcecode.swift; path = TrainingRepository.swift; sourceTree = "<group>"; };
		83B3BC65247A562500057A52 /* Running Intervals.app */ = {isa = PBXFileReference; explicitFileType = wrapper.application; includeInIndex = 0; path = "Running Intervals.app"; sourceTree = BUILT_PRODUCTS_DIR; };
		83B3BC68247A562500057A52 /* AppDelegate.swift */ = {isa = PBXFileReference; lastKnownFileType = sourcecode.swift; path = AppDelegate.swift; sourceTree = "<group>"; };
		83B3BC6A247A562500057A52 /* SceneDelegate.swift */ = {isa = PBXFileReference; lastKnownFileType = sourcecode.swift; path = SceneDelegate.swift; sourceTree = "<group>"; };
		83B3BC6C247A562500057A52 /* RunViewController.swift */ = {isa = PBXFileReference; lastKnownFileType = sourcecode.swift; path = RunViewController.swift; sourceTree = "<group>"; };
		83B3BC6F247A562500057A52 /* Base */ = {isa = PBXFileReference; lastKnownFileType = file.storyboard; name = Base; path = Base.lproj/Main.storyboard; sourceTree = "<group>"; };
		83B3BC71247A562C00057A52 /* Assets.xcassets */ = {isa = PBXFileReference; lastKnownFileType = folder.assetcatalog; path = Assets.xcassets; sourceTree = "<group>"; };
		83B3BC74247A562C00057A52 /* Base */ = {isa = PBXFileReference; lastKnownFileType = file.storyboard; name = Base; path = Base.lproj/LaunchScreen.storyboard; sourceTree = "<group>"; };
		83B3BC76247A562C00057A52 /* Info.plist */ = {isa = PBXFileReference; lastKnownFileType = text.plist.xml; path = Info.plist; sourceTree = "<group>"; };
		83B3BC7C247A57B100057A52 /* fast-1.mp3 */ = {isa = PBXFileReference; lastKnownFileType = audio.mp3; path = "fast-1.mp3"; sourceTree = "<group>"; };
		83B3BC7E247A57FF00057A52 /* slow-1.mp3 */ = {isa = PBXFileReference; lastKnownFileType = audio.mp3; path = "slow-1.mp3"; sourceTree = "<group>"; };
		83B3BC81247A5A0F00057A52 /* AVFoundation.framework */ = {isa = PBXFileReference; lastKnownFileType = wrapper.framework; name = AVFoundation.framework; path = System/Library/Frameworks/AVFoundation.framework; sourceTree = SDKROOT; };
		83B3BC84247AB77E00057A52 /* fast-2.mp3 */ = {isa = PBXFileReference; lastKnownFileType = audio.mp3; path = "fast-2.mp3"; sourceTree = "<group>"; };
		83B3BC86247AB7A100057A52 /* slow-2.mp3 */ = {isa = PBXFileReference; lastKnownFileType = audio.mp3; path = "slow-2.mp3"; sourceTree = "<group>"; };
		83B3BC88247AB7BF00057A52 /* slow-3.mp3 */ = {isa = PBXFileReference; lastKnownFileType = audio.mp3; path = "slow-3.mp3"; sourceTree = "<group>"; };
		83B3BC8A247AB7D100057A52 /* fast-3.mp3 */ = {isa = PBXFileReference; lastKnownFileType = audio.mp3; path = "fast-3.mp3"; sourceTree = "<group>"; };
		83B3BC8C247AB7F400057A52 /* fast-4.mp3 */ = {isa = PBXFileReference; lastKnownFileType = audio.mp3; path = "fast-4.mp3"; sourceTree = "<group>"; };
		83B3BC8E247AB81900057A52 /* slow-4.mp3 */ = {isa = PBXFileReference; lastKnownFileType = audio.mp3; path = "slow-4.mp3"; sourceTree = "<group>"; };
		83B3BC91247D362000057A52 /* SelectMusicViewController.swift */ = {isa = PBXFileReference; lastKnownFileType = sourcecode.swift; path = SelectMusicViewController.swift; sourceTree = "<group>"; };
		83B3BC95247D3BE000057A52 /* SelectSongCell.swift */ = {isa = PBXFileReference; lastKnownFileType = sourcecode.swift; path = SelectSongCell.swift; sourceTree = "<group>"; };
		83CCA8632484F45200B9B0E8 /* en */ = {isa = PBXFileReference; lastKnownFileType = text.plist.strings; name = en; path = en.lproj/Localizable.strings; sourceTree = "<group>"; };
		83CCA8652484F4C400B9B0E8 /* he */ = {isa = PBXFileReference; lastKnownFileType = text.plist.strings; name = he; path = he.lproj/Main.strings; sourceTree = "<group>"; };
		83CCA8662484F4C400B9B0E8 /* he */ = {isa = PBXFileReference; lastKnownFileType = text.plist.strings; name = he; path = he.lproj/LaunchScreen.strings; sourceTree = "<group>"; };
		83CCA8672484F4C500B9B0E8 /* he */ = {isa = PBXFileReference; lastKnownFileType = text.plist.strings; name = he; path = he.lproj/Localizable.strings; sourceTree = "<group>"; };
		83CCA8692485769F00B9B0E8 /* MainViewController.swift */ = {isa = PBXFileReference; lastKnownFileType = sourcecode.swift; path = MainViewController.swift; sourceTree = "<group>"; };
		83CCA86D24861FA600B9B0E8 /* RunByDistanceViewController.swift */ = {isa = PBXFileReference; lastKnownFileType = sourcecode.swift; path = RunByDistanceViewController.swift; sourceTree = "<group>"; };
		83CCA86F2486226C00B9B0E8 /* Running Intervals.entitlements */ = {isa = PBXFileReference; lastKnownFileType = text.plist.entitlements; path = "Running Intervals.entitlements"; sourceTree = "<group>"; };
		83CCA8702486226C00B9B0E8 /* HealthKit.framework */ = {isa = PBXFileReference; lastKnownFileType = wrapper.framework; name = HealthKit.framework; path = System/Library/Frameworks/HealthKit.framework; sourceTree = SDKROOT; };
		83CCA8732486631900B9B0E8 /* Storyboards.swift */ = {isa = PBXFileReference; lastKnownFileType = sourcecode.swift; path = Storyboards.swift; sourceTree = "<group>"; };
		83CCA877248688C400B9B0E8 /* MapKit.framework */ = {isa = PBXFileReference; lastKnownFileType = wrapper.framework; name = MapKit.framework; path = System/Library/Frameworks/MapKit.framework; sourceTree = SDKROOT; };
		83CCA8792487C1B900B9B0E8 /* Coach.storyboard */ = {isa = PBXFileReference; lastKnownFileType = file.storyboard; path = Coach.storyboard; sourceTree = "<group>"; };
		83CCA87C2487C1FB00B9B0E8 /* PersonalInformationViewController.swift */ = {isa = PBXFileReference; lastKnownFileType = sourcecode.swift; path = PersonalInformationViewController.swift; sourceTree = "<group>"; };
		83CCA87E2487E28500B9B0E8 /* HealthKitManager.swift */ = {isa = PBXFileReference; lastKnownFileType = sourcecode.swift; path = HealthKitManager.swift; sourceTree = "<group>"; };
		83CCA8802488D59100B9B0E8 /* CoachDifficultyViewController.swift */ = {isa = PBXFileReference; lastKnownFileType = sourcecode.swift; path = CoachDifficultyViewController.swift; sourceTree = "<group>"; };
		83CCA8822488D66500B9B0E8 /* CoachRunViewController.swift */ = {isa = PBXFileReference; lastKnownFileType = sourcecode.swift; path = CoachRunViewController.swift; sourceTree = "<group>"; };
		83FCFB1C24B1DE2100B5AFFD /* CoachGoalViewController.swift */ = {isa = PBXFileReference; lastKnownFileType = sourcecode.swift; path = CoachGoalViewController.swift; sourceTree = "<group>"; };
		83FCFB1E24B1EE5800B5AFFD /* Training.swift */ = {isa = PBXFileReference; lastKnownFileType = sourcecode.swift; path = Training.swift; sourceTree = "<group>"; };
		83FE419224ACDC820028744F /* User.swift */ = {isa = PBXFileReference; lastKnownFileType = sourcecode.swift; path = User.swift; sourceTree = "<group>"; };
/* End PBXFileReference section */

/* Begin PBXFrameworksBuildPhase section */
		83B3BC62247A562500057A52 /* Frameworks */ = {
			isa = PBXFrameworksBuildPhase;
			buildActionMask = 2147483647;
			files = (
				83B3BC82247A5A0F00057A52 /* AVFoundation.framework in Frameworks */,
				83CCA878248688C400B9B0E8 /* MapKit.framework in Frameworks */,
				83CCA8712486226C00B9B0E8 /* HealthKit.framework in Frameworks */,
			);
			runOnlyForDeploymentPostprocessing = 0;
		};
/* End PBXFrameworksBuildPhase section */

/* Begin PBXGroup section */
		830D7F5C2484CDCD00467227 /* Supporting Files */ = {
			isa = PBXGroup;
			children = (
				830D7F5D2484CE4A00467227 /* Strings */,
				83B3BC71247A562C00057A52 /* Assets.xcassets */,
				83ADB94524B2FF8E009671A2 /* training_information.json */,
			);
			path = "Supporting Files";
			sourceTree = "<group>";
		};
		830D7F5D2484CE4A00467227 /* Strings */ = {
			isa = PBXGroup;
			children = (
				83CCA8642484F45200B9B0E8 /* Localizable.strings */,
			);
			path = Strings;
			sourceTree = "<group>";
		};
		83239E28247EB8C700C63760 /* Model */ = {
			isa = PBXGroup;
			children = (
				83239E2B247EB95900C63760 /* MySong.swift */,
				83FE419224ACDC820028744F /* User.swift */,
				83FCFB1E24B1EE5800B5AFFD /* Training.swift */,
				8398793224B5FB7A00A99B37 /* FormatDisplay.swift */,
				8398793424B6010500A99B37 /* UnitConverterPace.swift */,
			);
			path = Model;
			sourceTree = "<group>";
		};
		83239E29247EB8D700C63760 /* Manager */ = {
			isa = PBXGroup;
			children = (
				83239E26247E6E1800C63760 /* UserDefaultsProvider.swift */,
				83CCA87E2487E28500B9B0E8 /* HealthKitManager.swift */,
			);
			path = Manager;
			sourceTree = "<group>";
		};
		83239E2A247EB90700C63760 /* App */ = {
			isa = PBXGroup;
			children = (
				83B3BC68247A562500057A52 /* AppDelegate.swift */,
				83B3BC6A247A562500057A52 /* SceneDelegate.swift */,
				83239E2D2483791D00C63760 /* Repositories */,
				83239E29247EB8D700C63760 /* Manager */,
				83CCA872248662F200B9B0E8 /* Resources */,
				83239E28247EB8C700C63760 /* Model */,
				8398792924B5ECA100A99B37 /* CoreData */,
			);
			path = App;
			sourceTree = "<group>";
		};
		83239E2D2483791D00C63760 /* Repositories */ = {
			isa = PBXGroup;
			children = (
				83239E2E2483794600C63760 /* MusicRepository.swift */,
				83ADB94724B31726009671A2 /* TrainingRepository.swift */,
			);
			path = Repositories;
			sourceTree = "<group>";
		};
		8357ADE724B1B5CE00F8A635 /* Cells */ = {
			isa = PBXGroup;
			children = (
				8357ADE824B1B61C00F8A635 /* SelectDifficultyCell.swift */,
			);
			path = Cells;
			sourceTree = "<group>";
		};
		8398792924B5ECA100A99B37 /* CoreData */ = {
			isa = PBXGroup;
			children = (
				8398792F24B5F37500A99B37 /* RunningIntervals.xcdatamodeld */,
				8398792D24B5ED5800A99B37 /* CoreDataManager.swift */,
			);
			path = CoreData;
			sourceTree = "<group>";
		};
		8398793824B73EFF00A99B37 /* Settings */ = {
			isa = PBXGroup;
			children = (
				8398793924B73F2800A99B37 /* SettingsViewController.swift */,
				83CCA87C2487C1FB00B9B0E8 /* PersonalInformationViewController.swift */,
				83FCFB1C24B1DE2100B5AFFD /* CoachGoalViewController.swift */,
			);
			path = Settings;
			sourceTree = "<group>";
		};
		8398AF6724B598B3001420AC /* Stsatistics */ = {
			isa = PBXGroup;
			children = (
				8398AF6824B598D0001420AC /* LastRunViewController.swift */,
			);
			path = Stsatistics;
			sourceTree = "<group>";
		};
		83B3BC5C247A562500057A52 = {
			isa = PBXGroup;
			children = (
				83B3BC67247A562500057A52 /* Running Intervals */,
				83B3BC66247A562500057A52 /* Products */,
				83B3BC80247A5A0F00057A52 /* Frameworks */,
			);
			sourceTree = "<group>";
		};
		83B3BC66247A562500057A52 /* Products */ = {
			isa = PBXGroup;
			children = (
				83B3BC65247A562500057A52 /* Running Intervals.app */,
			);
			name = Products;
			sourceTree = "<group>";
		};
		83B3BC67247A562500057A52 /* Running Intervals */ = {
			isa = PBXGroup;
			children = (
				83CCA86F2486226C00B9B0E8 /* Running Intervals.entitlements */,
				83239E2A247EB90700C63760 /* App */,
				83B3BC94247D363F00057A52 /* View */,
				83B3BC93247D363400057A52 /* Controller */,
				830D7F5C2484CDCD00467227 /* Supporting Files */,
				83B3BC73247A562C00057A52 /* LaunchScreen.storyboard */,
				83B3BC76247A562C00057A52 /* Info.plist */,
				83B3BC83247AB6FA00057A52 /* music */,
			);
			path = "Running Intervals";
			sourceTree = "<group>";
		};
		83B3BC80247A5A0F00057A52 /* Frameworks */ = {
			isa = PBXGroup;
			children = (
				83CCA877248688C400B9B0E8 /* MapKit.framework */,
				83CCA8702486226C00B9B0E8 /* HealthKit.framework */,
				83B3BC81247A5A0F00057A52 /* AVFoundation.framework */,
			);
			name = Frameworks;
			sourceTree = "<group>";
		};
		83B3BC83247AB6FA00057A52 /* music */ = {
			isa = PBXGroup;
			children = (
				83B3BC7C247A57B100057A52 /* fast-1.mp3 */,
				83B3BC84247AB77E00057A52 /* fast-2.mp3 */,
				83B3BC8A247AB7D100057A52 /* fast-3.mp3 */,
				83B3BC8C247AB7F400057A52 /* fast-4.mp3 */,
				83B3BC7E247A57FF00057A52 /* slow-1.mp3 */,
				83B3BC86247AB7A100057A52 /* slow-2.mp3 */,
				83B3BC88247AB7BF00057A52 /* slow-3.mp3 */,
				83B3BC8E247AB81900057A52 /* slow-4.mp3 */,
			);
			path = music;
			sourceTree = "<group>";
		};
		83B3BC93247D363400057A52 /* Controller */ = {
			isa = PBXGroup;
			children = (
				8398AF6724B598B3001420AC /* Stsatistics */,
				83CCA8682485767D00B9B0E8 /* Main */,
				83CCA87B2487C1DB00B9B0E8 /* Coach */,
				83CCA86C24861F5200B9B0E8 /* Custom Plans */,
				8398793824B73EFF00A99B37 /* Settings */,
				83CCA86B24861F3600B9B0E8 /* Music */,
			);
			path = Controller;
			sourceTree = "<group>";
		};
		83B3BC94247D363F00057A52 /* View */ = {
			isa = PBXGroup;
			children = (
				83B3BC6E247A562500057A52 /* Main.storyboard */,
				83CCA8792487C1B900B9B0E8 /* Coach.storyboard */,
				8398AF6524B5987F001420AC /* Statistics.storyboard */,
				8398793624B73EDD00A99B37 /* Settings.storyboard */,
			);
			path = View;
			sourceTree = "<group>";
		};
		83B3BC97247D3BE700057A52 /* Cells */ = {
			isa = PBXGroup;
			children = (
				83B3BC95247D3BE000057A52 /* SelectSongCell.swift */,
				830D7F582483B4A400467227 /* MyMusicCell.swift */,
			);
			path = Cells;
			sourceTree = "<group>";
		};
		83CCA8682485767D00B9B0E8 /* Main */ = {
			isa = PBXGroup;
			children = (
				83CCA8692485769F00B9B0E8 /* MainViewController.swift */,
			);
			path = Main;
			sourceTree = "<group>";
		};
		83CCA86B24861F3600B9B0E8 /* Music */ = {
			isa = PBXGroup;
			children = (
				83B3BC97247D3BE700057A52 /* Cells */,
				83B3BC91247D362000057A52 /* SelectMusicViewController.swift */,
				830D7F562483AE3F00467227 /* MyMusicViewController.swift */,
			);
			path = Music;
			sourceTree = "<group>";
		};
		83CCA86C24861F5200B9B0E8 /* Custom Plans */ = {
			isa = PBXGroup;
			children = (
				83B3BC6C247A562500057A52 /* RunViewController.swift */,
				83CCA86D24861FA600B9B0E8 /* RunByDistanceViewController.swift */,
			);
			path = "Custom Plans";
			sourceTree = "<group>";
		};
		83CCA872248662F200B9B0E8 /* Resources */ = {
			isa = PBXGroup;
			children = (
				830D7F622484CF4200467227 /* Strings.swift */,
				83CCA8732486631900B9B0E8 /* Storyboards.swift */,
				8357ADE524B1AA0600F8A635 /* Utils.swift */,
			);
			path = Resources;
			sourceTree = "<group>";
		};
		83CCA87B2487C1DB00B9B0E8 /* Coach */ = {
			isa = PBXGroup;
			children = (
				8357ADE724B1B5CE00F8A635 /* Cells */,
				83CCA8802488D59100B9B0E8 /* CoachDifficultyViewController.swift */,
				83CCA8822488D66500B9B0E8 /* CoachRunViewController.swift */,
			);
			path = Coach;
			sourceTree = "<group>";
		};
/* End PBXGroup section */

/* Begin PBXNativeTarget section */
		83B3BC64247A562500057A52 /* Running Intervals */ = {
			isa = PBXNativeTarget;
			buildConfigurationList = 83B3BC79247A562C00057A52 /* Build configuration list for PBXNativeTarget "Running Intervals" */;
			buildPhases = (
				83B3BC61247A562500057A52 /* Sources */,
				83B3BC62247A562500057A52 /* Frameworks */,
				83B3BC63247A562500057A52 /* Resources */,
			);
			buildRules = (
			);
			dependencies = (
			);
			name = "Running Intervals";
			productName = "Running Intervals";
			productReference = 83B3BC65247A562500057A52 /* Running Intervals.app */;
			productType = "com.apple.product-type.application";
		};
/* End PBXNativeTarget section */

/* Begin PBXProject section */
		83B3BC5D247A562500057A52 /* Project object */ = {
			isa = PBXProject;
			attributes = {
				LastSwiftUpdateCheck = 1140;
				LastUpgradeCheck = 1140;
				ORGANIZATIONNAME = Running;
				TargetAttributes = {
					83B3BC64247A562500057A52 = {
						CreatedOnToolsVersion = 11.4.1;
					};
				};
			};
			buildConfigurationList = 83B3BC60247A562500057A52 /* Build configuration list for PBXProject "Running Intervals" */;
			compatibilityVersion = "Xcode 9.3";
			developmentRegion = en;
			hasScannedForEncodings = 0;
			knownRegions = (
				en,
				Base,
				he,
			);
			mainGroup = 83B3BC5C247A562500057A52;
			productRefGroup = 83B3BC66247A562500057A52 /* Products */;
			projectDirPath = "";
			projectRoot = "";
			targets = (
				83B3BC64247A562500057A52 /* Running Intervals */,
			);
		};
/* End PBXProject section */

/* Begin PBXResourcesBuildPhase section */
		83B3BC63247A562500057A52 /* Resources */ = {
			isa = PBXResourcesBuildPhase;
			buildActionMask = 2147483647;
			files = (
				83ADB94624B2FF8E009671A2 /* training_information.json in Resources */,
				83B3BC7D247A57B100057A52 /* fast-1.mp3 in Resources */,
				83CCA87A2487C1BA00B9B0E8 /* Coach.storyboard in Resources */,
				8398AF6624B59880001420AC /* Statistics.storyboard in Resources */,
				83CCA8622484F45200B9B0E8 /* Localizable.strings in Resources */,
				83B3BC75247A562C00057A52 /* LaunchScreen.storyboard in Resources */,
				83B3BC8B247AB7D100057A52 /* fast-3.mp3 in Resources */,
				83B3BC89247AB7BF00057A52 /* slow-3.mp3 in Resources */,
				83B3BC85247AB77E00057A52 /* fast-2.mp3 in Resources */,
				83B3BC72247A562C00057A52 /* Assets.xcassets in Resources */,
				83B3BC8D247AB7F400057A52 /* fast-4.mp3 in Resources */,
				8398793724B73EDD00A99B37 /* Settings.storyboard in Resources */,
				83B3BC8F247AB81900057A52 /* slow-4.mp3 in Resources */,
				83B3BC7F247A57FF00057A52 /* slow-1.mp3 in Resources */,
				83B3BC70247A562500057A52 /* Main.storyboard in Resources */,
				83B3BC87247AB7A100057A52 /* slow-2.mp3 in Resources */,
			);
			runOnlyForDeploymentPostprocessing = 0;
		};
/* End PBXResourcesBuildPhase section */

/* Begin PBXSourcesBuildPhase section */
		83B3BC61247A562500057A52 /* Sources */ = {
			isa = PBXSourcesBuildPhase;
			buildActionMask = 2147483647;
			files = (
				83239E2C247EB95900C63760 /* MySong.swift in Sources */,
				8398793324B5FB7A00A99B37 /* FormatDisplay.swift in Sources */,
				830D7F632484CF4200467227 /* Strings.swift in Sources */,
				83FCFB1F24B1EE5800B5AFFD /* Training.swift in Sources */,
				83239E2F2483794600C63760 /* MusicRepository.swift in Sources */,
				83CCA8832488D66500B9B0E8 /* CoachRunViewController.swift in Sources */,
				83CCA86A2485769F00B9B0E8 /* MainViewController.swift in Sources */,
				8398792E24B5ED5800A99B37 /* CoreDataManager.swift in Sources */,
				8398793524B6010500A99B37 /* UnitConverterPace.swift in Sources */,
				83CCA87D2487C1FB00B9B0E8 /* PersonalInformationViewController.swift in Sources */,
				83ADB94824B31726009671A2 /* TrainingRepository.swift in Sources */,
				83B3BC6D247A562500057A52 /* RunViewController.swift in Sources */,
				83B3BC69247A562500057A52 /* AppDelegate.swift in Sources */,
				83CCA8742486631900B9B0E8 /* Storyboards.swift in Sources */,
				83B3BC92247D362000057A52 /* SelectMusicViewController.swift in Sources */,
				830D7F592483B4A400467227 /* MyMusicCell.swift in Sources */,
				83CCA87F2487E28500B9B0E8 /* HealthKitManager.swift in Sources */,
				83B3BC96247D3BE000057A52 /* SelectSongCell.swift in Sources */,
				8398AF6924B598D0001420AC /* LastRunViewController.swift in Sources */,
				83CCA8812488D59100B9B0E8 /* CoachDifficultyViewController.swift in Sources */,
				83FCFB1D24B1DE2100B5AFFD /* CoachGoalViewController.swift in Sources */,
				83B3BC6B247A562500057A52 /* SceneDelegate.swift in Sources */,
				8398793124B5F37500A99B37 /* RunningIntervals.xcdatamodeld in Sources */,
				8398793A24B73F2800A99B37 /* SettingsViewController.swift in Sources */,
				8357ADE624B1AA0600F8A635 /* Utils.swift in Sources */,
				830D7F572483AE3F00467227 /* MyMusicViewController.swift in Sources */,
				83239E27247E6E1800C63760 /* UserDefaultsProvider.swift in Sources */,
				83CCA86E24861FA600B9B0E8 /* RunByDistanceViewController.swift in Sources */,
				83FE419324ACDC820028744F /* User.swift in Sources */,
				8357ADE924B1B61C00F8A635 /* SelectDifficultyCell.swift in Sources */,
			);
			runOnlyForDeploymentPostprocessing = 0;
		};
/* End PBXSourcesBuildPhase section */

/* Begin PBXVariantGroup section */
		83B3BC6E247A562500057A52 /* Main.storyboard */ = {
			isa = PBXVariantGroup;
			children = (
				83B3BC6F247A562500057A52 /* Base */,
				83CCA8652484F4C400B9B0E8 /* he */,
			);
			name = Main.storyboard;
			sourceTree = "<group>";
		};
		83B3BC73247A562C00057A52 /* LaunchScreen.storyboard */ = {
			isa = PBXVariantGroup;
			children = (
				83B3BC74247A562C00057A52 /* Base */,
				83CCA8662484F4C400B9B0E8 /* he */,
			);
			name = LaunchScreen.storyboard;
			sourceTree = "<group>";
		};
		83CCA8642484F45200B9B0E8 /* Localizable.strings */ = {
			isa = PBXVariantGroup;
			children = (
				83CCA8632484F45200B9B0E8 /* en */,
				83CCA8672484F4C500B9B0E8 /* he */,
			);
			name = Localizable.strings;
			sourceTree = "<group>";
		};
/* End PBXVariantGroup section */

/* Begin XCBuildConfiguration section */
		83B3BC77247A562C00057A52 /* Debug */ = {
			isa = XCBuildConfiguration;
			buildSettings = {
				ALWAYS_SEARCH_USER_PATHS = NO;
				CLANG_ANALYZER_LOCALIZABILITY_NONLOCALIZED = YES;
				CLANG_ANALYZER_NONNULL = YES;
				CLANG_ANALYZER_NUMBER_OBJECT_CONVERSION = YES_AGGRESSIVE;
				CLANG_CXX_LANGUAGE_STANDARD = "gnu++14";
				CLANG_CXX_LIBRARY = "libc++";
				CLANG_ENABLE_MODULES = YES;
				CLANG_ENABLE_OBJC_ARC = YES;
				CLANG_ENABLE_OBJC_WEAK = YES;
				CLANG_WARN_BLOCK_CAPTURE_AUTORELEASING = YES;
				CLANG_WARN_BOOL_CONVERSION = YES;
				CLANG_WARN_COMMA = YES;
				CLANG_WARN_CONSTANT_CONVERSION = YES;
				CLANG_WARN_DEPRECATED_OBJC_IMPLEMENTATIONS = YES;
				CLANG_WARN_DIRECT_OBJC_ISA_USAGE = YES_ERROR;
				CLANG_WARN_DOCUMENTATION_COMMENTS = YES;
				CLANG_WARN_EMPTY_BODY = YES;
				CLANG_WARN_ENUM_CONVERSION = YES;
				CLANG_WARN_INFINITE_RECURSION = YES;
				CLANG_WARN_INT_CONVERSION = YES;
				CLANG_WARN_NON_LITERAL_NULL_CONVERSION = YES;
				CLANG_WARN_OBJC_IMPLICIT_RETAIN_SELF = YES;
				CLANG_WARN_OBJC_LITERAL_CONVERSION = YES;
				CLANG_WARN_OBJC_ROOT_CLASS = YES_ERROR;
				CLANG_WARN_RANGE_LOOP_ANALYSIS = YES;
				CLANG_WARN_STRICT_PROTOTYPES = YES;
				CLANG_WARN_SUSPICIOUS_MOVE = YES;
				CLANG_WARN_UNGUARDED_AVAILABILITY = YES_AGGRESSIVE;
				CLANG_WARN_UNREACHABLE_CODE = YES;
				CLANG_WARN__DUPLICATE_METHOD_MATCH = YES;
				COPY_PHASE_STRIP = NO;
				DEBUG_INFORMATION_FORMAT = dwarf;
				ENABLE_STRICT_OBJC_MSGSEND = YES;
				ENABLE_TESTABILITY = YES;
				GCC_C_LANGUAGE_STANDARD = gnu11;
				GCC_DYNAMIC_NO_PIC = NO;
				GCC_NO_COMMON_BLOCKS = YES;
				GCC_OPTIMIZATION_LEVEL = 0;
				GCC_PREPROCESSOR_DEFINITIONS = (
					"DEBUG=1",
					"$(inherited)",
				);
				GCC_WARN_64_TO_32_BIT_CONVERSION = YES;
				GCC_WARN_ABOUT_RETURN_TYPE = YES_ERROR;
				GCC_WARN_UNDECLARED_SELECTOR = YES;
				GCC_WARN_UNINITIALIZED_AUTOS = YES_AGGRESSIVE;
				GCC_WARN_UNUSED_FUNCTION = YES;
				GCC_WARN_UNUSED_VARIABLE = YES;
				IPHONEOS_DEPLOYMENT_TARGET = 13.0;
				MTL_ENABLE_DEBUG_INFO = INCLUDE_SOURCE;
				MTL_FAST_MATH = YES;
				ONLY_ACTIVE_ARCH = YES;
				SDKROOT = iphoneos;
				SWIFT_ACTIVE_COMPILATION_CONDITIONS = DEBUG;
				SWIFT_OPTIMIZATION_LEVEL = "-Onone";
			};
			name = Debug;
		};
		83B3BC78247A562C00057A52 /* Release */ = {
			isa = XCBuildConfiguration;
			buildSettings = {
				ALWAYS_SEARCH_USER_PATHS = NO;
				CLANG_ANALYZER_LOCALIZABILITY_NONLOCALIZED = YES;
				CLANG_ANALYZER_NONNULL = YES;
				CLANG_ANALYZER_NUMBER_OBJECT_CONVERSION = YES_AGGRESSIVE;
				CLANG_CXX_LANGUAGE_STANDARD = "gnu++14";
				CLANG_CXX_LIBRARY = "libc++";
				CLANG_ENABLE_MODULES = YES;
				CLANG_ENABLE_OBJC_ARC = YES;
				CLANG_ENABLE_OBJC_WEAK = YES;
				CLANG_WARN_BLOCK_CAPTURE_AUTORELEASING = YES;
				CLANG_WARN_BOOL_CONVERSION = YES;
				CLANG_WARN_COMMA = YES;
				CLANG_WARN_CONSTANT_CONVERSION = YES;
				CLANG_WARN_DEPRECATED_OBJC_IMPLEMENTATIONS = YES;
				CLANG_WARN_DIRECT_OBJC_ISA_USAGE = YES_ERROR;
				CLANG_WARN_DOCUMENTATION_COMMENTS = YES;
				CLANG_WARN_EMPTY_BODY = YES;
				CLANG_WARN_ENUM_CONVERSION = YES;
				CLANG_WARN_INFINITE_RECURSION = YES;
				CLANG_WARN_INT_CONVERSION = YES;
				CLANG_WARN_NON_LITERAL_NULL_CONVERSION = YES;
				CLANG_WARN_OBJC_IMPLICIT_RETAIN_SELF = YES;
				CLANG_WARN_OBJC_LITERAL_CONVERSION = YES;
				CLANG_WARN_OBJC_ROOT_CLASS = YES_ERROR;
				CLANG_WARN_RANGE_LOOP_ANALYSIS = YES;
				CLANG_WARN_STRICT_PROTOTYPES = YES;
				CLANG_WARN_SUSPICIOUS_MOVE = YES;
				CLANG_WARN_UNGUARDED_AVAILABILITY = YES_AGGRESSIVE;
				CLANG_WARN_UNREACHABLE_CODE = YES;
				CLANG_WARN__DUPLICATE_METHOD_MATCH = YES;
				COPY_PHASE_STRIP = NO;
				DEBUG_INFORMATION_FORMAT = "dwarf-with-dsym";
				ENABLE_NS_ASSERTIONS = NO;
				ENABLE_STRICT_OBJC_MSGSEND = YES;
				GCC_C_LANGUAGE_STANDARD = gnu11;
				GCC_NO_COMMON_BLOCKS = YES;
				GCC_WARN_64_TO_32_BIT_CONVERSION = YES;
				GCC_WARN_ABOUT_RETURN_TYPE = YES_ERROR;
				GCC_WARN_UNDECLARED_SELECTOR = YES;
				GCC_WARN_UNINITIALIZED_AUTOS = YES_AGGRESSIVE;
				GCC_WARN_UNUSED_FUNCTION = YES;
				GCC_WARN_UNUSED_VARIABLE = YES;
				IPHONEOS_DEPLOYMENT_TARGET = 13.0;
				MTL_ENABLE_DEBUG_INFO = NO;
				MTL_FAST_MATH = YES;
				SDKROOT = iphoneos;
				SWIFT_COMPILATION_MODE = wholemodule;
				SWIFT_OPTIMIZATION_LEVEL = "-O";
				VALIDATE_PRODUCT = YES;
			};
			name = Release;
		};
		83B3BC7A247A562C00057A52 /* Debug */ = {
			isa = XCBuildConfiguration;
			buildSettings = {
				ASSETCATALOG_COMPILER_APPICON_NAME = AppIcon;
				CODE_SIGN_ENTITLEMENTS = "Running Intervals/Running Intervals.entitlements";
				CODE_SIGN_STYLE = Automatic;
				DEVELOPMENT_TEAM = C692PFPDCX;
				INFOPLIST_FILE = "Running Intervals/Info.plist";
				IPHONEOS_DEPLOYMENT_TARGET = 13.0;
				LD_RUNPATH_SEARCH_PATHS = (
					"$(inherited)",
					"@executable_path/Frameworks",
				);
				PRODUCT_BUNDLE_IDENTIFIER = "com.running.Running-Intervals";
				PRODUCT_NAME = "$(TARGET_NAME)";
				SWIFT_VERSION = 5.0;
				TARGETED_DEVICE_FAMILY = "1,2";
			};
			name = Debug;
		};
		83B3BC7B247A562C00057A52 /* Release */ = {
			isa = XCBuildConfiguration;
			buildSettings = {
				ASSETCATALOG_COMPILER_APPICON_NAME = AppIcon;
				CODE_SIGN_ENTITLEMENTS = "Running Intervals/Running Intervals.entitlements";
				CODE_SIGN_STYLE = Automatic;
				DEVELOPMENT_TEAM = C692PFPDCX;
				INFOPLIST_FILE = "Running Intervals/Info.plist";
				IPHONEOS_DEPLOYMENT_TARGET = 13.0;
				LD_RUNPATH_SEARCH_PATHS = (
					"$(inherited)",
					"@executable_path/Frameworks",
				);
				PRODUCT_BUNDLE_IDENTIFIER = "com.running.Running-Intervals";
				PRODUCT_NAME = "$(TARGET_NAME)";
				SWIFT_VERSION = 5.0;
				TARGETED_DEVICE_FAMILY = "1,2";
			};
			name = Release;
		};
/* End XCBuildConfiguration section */

/* Begin XCConfigurationList section */
		83B3BC60247A562500057A52 /* Build configuration list for PBXProject "Running Intervals" */ = {
			isa = XCConfigurationList;
			buildConfigurations = (
				83B3BC77247A562C00057A52 /* Debug */,
				83B3BC78247A562C00057A52 /* Release */,
			);
			defaultConfigurationIsVisible = 0;
			defaultConfigurationName = Release;
		};
		83B3BC79247A562C00057A52 /* Build configuration list for PBXNativeTarget "Running Intervals" */ = {
			isa = XCConfigurationList;
			buildConfigurations = (
				83B3BC7A247A562C00057A52 /* Debug */,
				83B3BC7B247A562C00057A52 /* Release */,
			);
			defaultConfigurationIsVisible = 0;
			defaultConfigurationName = Release;
		};
/* End XCConfigurationList section */

/* Begin XCVersionGroup section */
		8398792F24B5F37500A99B37 /* RunningIntervals.xcdatamodeld */ = {
			isa = XCVersionGroup;
			children = (
				8398793024B5F37500A99B37 /* RunningIntervals.xcdatamodel */,
			);
			currentVersion = 8398793024B5F37500A99B37 /* RunningIntervals.xcdatamodel */;
			path = RunningIntervals.xcdatamodeld;
			sourceTree = "<group>";
			versionGroupType = wrapper.xcdatamodel;
		};
/* End XCVersionGroup section */
	};
	rootObject = 83B3BC5D247A562500057A52 /* Project object */;
}
